
Microsoft Visual Studio Solution File, Format Version 12.00
# Visual Studio Version 16
VisualStudioVersion = 16.0.32413.511
MinimumVisualStudioVersion = 10.0.40219.1
Project("{9A19103F-16F7-4668-BE54-9A1E7A4F7556}") = "Ex1", "Exercitii_laborator_2\Ex1.csproj", "{7C83B7C1-7081-4E0F-9E10-533625C03767}"
EndProject
Project("{9A19103F-16F7-4668-BE54-9A1E7A4F7556}") = "Ex2", "Ex2\Ex2.csproj", "{E01ABA77-81CD-4BEF-A185-E99404BDE1B4}"
EndProject
Project("{FAE04EC0-301F-11D3-BF4B-00C04F79EFBC}") = "Ex3", "Ex3\Ex3.csproj", "{6E89D447-A80A-497D-B9CE-4144CD062581}"
EndProject
Global
	GlobalSection(SolutionConfigurationPlatforms) = preSolution
		Debug|Any CPU = Debug|Any CPU
		Release|Any CPU = Release|Any CPU
	EndGlobalSection
	GlobalSection(ProjectConfigurationPlatforms) = postSolution
		{7C83B7C1-7081-4E0F-9E10-533625C03767}.Debug|Any CPU.ActiveCfg = Debug|Any CPU
		{7C83B7C1-7081-4E0F-9E10-533625C03767}.Debug|Any CPU.Build.0 = Debug|Any CPU
		{7C83B7C1-7081-4E0F-9E10-533625C03767}.Release|Any CPU.ActiveCfg = Release|Any CPU
		{7C83B7C1-7081-4E0F-9E10-533625C03767}.Release|Any CPU.Build.0 = Release|Any CPU
		{E01ABA77-81CD-4BEF-A185-E99404BDE1B4}.Debug|Any CPU.ActiveCfg = Debug|Any CPU
		{E01ABA77-81CD-4BEF-A185-E99404BDE1B4}.Debug|Any CPU.Build.0 = Debug|Any CPU
		{E01ABA77-81CD-4BEF-A185-E99404BDE1B4}.Release|Any CPU.ActiveCfg = Release|Any CPU
		{E01ABA77-81CD-4BEF-A185-E99404BDE1B4}.Release|Any CPU.Build.0 = Release|Any CPU
		{6E89D447-A80A-497D-B9CE-4144CD062581}.Debug|Any CPU.ActiveCfg = Debug|Any CPU
		{6E89D447-A80A-497D-B9CE-4144CD062581}.Debug|Any CPU.Build.0 = Debug|Any CPU
		{6E89D447-A80A-497D-B9CE-4144CD062581}.Release|Any CPU.ActiveCfg = Release|Any CPU
		{6E89D447-A80A-497D-B9CE-4144CD062581}.Release|Any CPU.Build.0 = Release|Any CPU
	EndGlobalSection
	GlobalSection(SolutionProperties) = preSolution
		HideSolutionNode = FALSE
	EndGlobalSection
	GlobalSection(ExtensibilityGlobals) = postSolution
		SolutionGuid = {670963CC-3349-4FFF-855D-424F1A1D75CD}
	EndGlobalSection
EndGlobal
